
Microsoft Visual Studio Solution File, Format Version 12.00
# Visual Studio Version 17
VisualStudioVersion = 17.7.34031.279
MinimumVisualStudioVersion = 10.0.40219.1
Project("{FAE04EC0-301F-11D3-BF4B-00C04F79EFBC}") = "Laboratorio16_Sanchez.Android", "Laboratorio16_Sanchez\Laboratorio16_Sanchez.Android\Laboratorio16_Sanchez.Android.csproj", "{E641511A-5A3B-4BFB-9BC5-602A78C8C82B}"
EndProject
Project("{FAE04EC0-301F-11D3-BF4B-00C04F79EFBC}") = "Laboratorio16_Sanchez.iOS", "Laboratorio16_Sanchez\Laboratorio16_Sanchez.iOS\Laboratorio16_Sanchez.iOS.csproj", "{5C8F7DC7-E4C6-448C-97B0-001EDC4075AE}"
EndProject
Project("{FAE04EC0-301F-11D3-BF4B-00C04F79EFBC}") = "Laboratorio16_Sanchez", "Laboratorio16_Sanchez\Laboratorio16_Sanchez\Laboratorio16_Sanchez.csproj", "{CFDA4EE6-FFA0-4105-9959-0A440D1245D6}"
EndProject
Global
	GlobalSection(SolutionConfigurationPlatforms) = preSolution
		Debug|Any CPU = Debug|Any CPU
		Debug|iPhone = Debug|iPhone
		Debug|iPhoneSimulator = Debug|iPhoneSimulator
		Release|Any CPU = Release|Any CPU
		Release|iPhone = Release|iPhone
		Release|iPhoneSimulator = Release|iPhoneSimulator
	EndGlobalSection
	GlobalSection(ProjectConfigurationPlatforms) = postSolution
		{E641511A-5A3B-4BFB-9BC5-602A78C8C82B}.Debug|Any CPU.ActiveCfg = Debug|Any CPU
		{E641511A-5A3B-4BFB-9BC5-602A78C8C82B}.Debug|Any CPU.Build.0 = Debug|Any CPU
		{E641511A-5A3B-4BFB-9BC5-602A78C8C82B}.Debug|Any CPU.Deploy.0 = Debug|Any CPU
		{E641511A-5A3B-4BFB-9BC5-602A78C8C82B}.Debug|iPhone.ActiveCfg = Debug|Any CPU
		{E641511A-5A3B-4BFB-9BC5-602A78C8C82B}.Debug|iPhone.Build.0 = Debug|Any CPU
		{E641511A-5A3B-4BFB-9BC5-602A78C8C82B}.Debug|iPhone.Deploy.0 = Debug|Any CPU
		{E641511A-5A3B-4BFB-9BC5-602A78C8C82B}.Debug|iPhoneSimulator.ActiveCfg = Debug|Any CPU
		{E641511A-5A3B-4BFB-9BC5-602A78C8C82B}.Debug|iPhoneSimulator.Build.0 = Debug|Any CPU
		{E641511A-5A3B-4BFB-9BC5-602A78C8C82B}.Debug|iPhoneSimulator.Deploy.0 = Debug|Any CPU
		{E641511A-5A3B-4BFB-9BC5-602A78C8C82B}.Release|Any CPU.ActiveCfg = Release|Any CPU
		{E641511A-5A3B-4BFB-9BC5-602A78C8C82B}.Release|Any CPU.Build.0 = Release|Any CPU
		{E641511A-5A3B-4BFB-9BC5-602A78C8C82B}.Release|Any CPU.Deploy.0 = Release|Any CPU
		{E641511A-5A3B-4BFB-9BC5-602A78C8C82B}.Release|iPhone.ActiveCfg = Release|Any CPU
		{E641511A-5A3B-4BFB-9BC5-602A78C8C82B}.Release|iPhone.Build.0 = Release|Any CPU
		{E641511A-5A3B-4BFB-9BC5-602A78C8C82B}.Release|iPhone.Deploy.0 = Release|Any CPU
		{E641511A-5A3B-4BFB-9BC5-602A78C8C82B}.Release|iPhoneSimulator.ActiveCfg = Release|Any CPU
		{E641511A-5A3B-4BFB-9BC5-602A78C8C82B}.Release|iPhoneSimulator.Build.0 = Release|Any CPU
		{E641511A-5A3B-4BFB-9BC5-602A78C8C82B}.Release|iPhoneSimulator.Deploy.0 = Release|Any CPU
		{5C8F7DC7-E4C6-448C-97B0-001EDC4075AE}.Debug|Any CPU.ActiveCfg = Debug|iPhone
		{5C8F7DC7-E4C6-448C-97B0-001EDC4075AE}.Debug|Any CPU.Build.0 = Debug|iPhone
		{5C8F7DC7-E4C6-448C-97B0-001EDC4075AE}.Debug|Any CPU.Deploy.0 = Debug|iPhone
		{5C8F7DC7-E4C6-448C-97B0-001EDC4075AE}.Debug|iPhone.ActiveCfg = Debug|iPhone
		{5C8F7DC7-E4C6-448C-97B0-001EDC4075AE}.Debug|iPhone.Build.0 = Debug|iPhone
		{5C8F7DC7-E4C6-448C-97B0-001EDC4075AE}.Debug|iPhone.Deploy.0 = Debug|iPhone
		{5C8F7DC7-E4C6-448C-97B0-001EDC4075AE}.Debug|iPhoneSimulator.ActiveCfg = Debug|iPhoneSimulator
		{5C8F7DC7-E4C6-448C-97B0-001EDC4075AE}.Debug|iPhoneSimulator.Build.0 = Debug|iPhoneSimulator
		{5C8F7DC7-E4C6-448C-97B0-001EDC4075AE}.Debug|iPhoneSimulator.Deploy.0 = Debug|iPhoneSimulator
		{5C8F7DC7-E4C6-448C-97B0-001EDC4075AE}.Release|Any CPU.ActiveCfg = Release|iPhoneSimulator
		{5C8F7DC7-E4C6-448C-97B0-001EDC4075AE}.Release|Any CPU.Build.0 = Release|iPhoneSimulator
		{5C8F7DC7-E4C6-448C-97B0-001EDC4075AE}.Release|Any CPU.Deploy.0 = Release|iPhoneSimulator
		{5C8F7DC7-E4C6-448C-97B0-001EDC4075AE}.Release|iPhone.ActiveCfg = Release|iPhone
		{5C8F7DC7-E4C6-448C-97B0-001EDC4075AE}.Release|iPhone.Build.0 = Release|iPhone
		{5C8F7DC7-E4C6-448C-97B0-001EDC4075AE}.Release|iPhone.Deploy.0 = Release|iPhone
		{5C8F7DC7-E4C6-448C-97B0-001EDC4075AE}.Release|iPhoneSimulator.ActiveCfg = Release|iPhoneSimulator
		{5C8F7DC7-E4C6-448C-97B0-001EDC4075AE}.Release|iPhoneSimulator.Build.0 = Release|iPhoneSimulator
		{5C8F7DC7-E4C6-448C-97B0-001EDC4075AE}.Release|iPhoneSimulator.Deploy.0 = Release|iPhoneSimulator
		{CFDA4EE6-FFA0-4105-9959-0A440D1245D6}.Debug|Any CPU.ActiveCfg = Debug|Any CPU
		{CFDA4EE6-FFA0-4105-9959-0A440D1245D6}.Debug|Any CPU.Build.0 = Debug|Any CPU
		{CFDA4EE6-FFA0-4105-9959-0A440D1245D6}.Debug|Any CPU.Deploy.0 = Debug|Any CPU
		{CFDA4EE6-FFA0-4105-9959-0A440D1245D6}.Debug|iPhone.ActiveCfg = Debug|Any CPU
		{CFDA4EE6-FFA0-4105-9959-0A440D1245D6}.Debug|iPhone.Build.0 = Debug|Any CPU
		{CFDA4EE6-FFA0-4105-9959-0A440D1245D6}.Debug|iPhone.Deploy.0 = Debug|Any CPU
		{CFDA4EE6-FFA0-4105-9959-0A440D1245D6}.Debug|iPhoneSimulator.ActiveCfg = Debug|Any CPU
		{CFDA4EE6-FFA0-4105-9959-0A440D1245D6}.Debug|iPhoneSimulator.Build.0 = Debug|Any CPU
		{CFDA4EE6-FFA0-4105-9959-0A440D1245D6}.Debug|iPhoneSimulator.Deploy.0 = Debug|Any CPU
		{CFDA4EE6-FFA0-4105-9959-0A440D1245D6}.Release|Any CPU.ActiveCfg = Release|Any CPU
		{CFDA4EE6-FFA0-4105-9959-0A440D1245D6}.Release|Any CPU.Build.0 = Release|Any CPU
		{CFDA4EE6-FFA0-4105-9959-0A440D1245D6}.Release|Any CPU.Deploy.0 = Release|Any CPU
		{CFDA4EE6-FFA0-4105-9959-0A440D1245D6}.Release|iPhone.ActiveCfg = Release|Any CPU
		{CFDA4EE6-FFA0-4105-9959-0A440D1245D6}.Release|iPhone.Build.0 = Release|Any CPU
		{CFDA4EE6-FFA0-4105-9959-0A440D1245D6}.Release|iPhone.Deploy.0 = Release|Any CPU
		{CFDA4EE6-FFA0-4105-9959-0A440D1245D6}.Release|iPhoneSimulator.ActiveCfg = Release|Any CPU
		{CFDA4EE6-FFA0-4105-9959-0A440D1245D6}.Release|iPhoneSimulator.Build.0 = Release|Any CPU
		{CFDA4EE6-FFA0-4105-9959-0A440D1245D6}.Release|iPhoneSimulator.Deploy.0 = Release|Any CPU
	EndGlobalSection
	GlobalSection(SolutionProperties) = preSolution
		HideSolutionNode = FALSE
	EndGlobalSection
	GlobalSection(ExtensibilityGlobals) = postSolution
		SolutionGuid = {C1783697-8121-4ECC-88D6-0763238F2022}
	EndGlobalSection
EndGlobal
